// !$*UTF8*$!
{
	archiveVersion = 1;
	classes = {
	};
	objectVersion = 46;
	objects = {

/* Begin PBXBuildFile section */
		AFDAF5961DFB3EF60035EEC6 /* checker.cpp in Sources */ = {isa = PBXBuildFile; fileRef = AFDAF5861DFB3EF60035EEC6 /* checker.cpp */; };
		AFDAF5971DFB3EF60035EEC6 /* computer_player.cpp in Sources */ = {isa = PBXBuildFile; fileRef = AFDAF5891DFB3EF60035EEC6 /* computer_player.cpp */; };
		AFDAF5981DFB3EF60035EEC6 /* coordinate.cpp in Sources */ = {isa = PBXBuildFile; fileRef = AFDAF58B1DFB3EF60035EEC6 /* coordinate.cpp */; };
		AFDAF5991DFB3EF60035EEC6 /* main.cpp in Sources */ = {isa = PBXBuildFile; fileRef = AFDAF58E1DFB3EF60035EEC6 /* main.cpp */; };
		AFDAF59A1DFB3EF60035EEC6 /* piece.cpp in Sources */ = {isa = PBXBuildFile; fileRef = AFDAF58F1DFB3EF60035EEC6 /* piece.cpp */; };
		AFDAF59B1DFB3EF60035EEC6 /* player.cpp in Sources */ = {isa = PBXBuildFile; fileRef = AFDAF5911DFB3EF60035EEC6 /* player.cpp */; };
		AFDAF59C1DFB3EF60035EEC6 /* README.md in Sources */ = {isa = PBXBuildFile; fileRef = AFDAF5931DFB3EF60035EEC6 /* README.md */; };
		AFDAF59D1DFB3EF60035EEC6 /* square.cpp in Sources */ = {isa = PBXBuildFile; fileRef = AFDAF5941DFB3EF60035EEC6 /* square.cpp */; };
/* End PBXBuildFile section */

/* Begin PBXCopyFilesBuildPhase section */
		AF7854881DF00C8C008AD111 /* CopyFiles */ = {
			isa = PBXCopyFilesBuildPhase;
			buildActionMask = 2147483647;
			dstPath = /usr/share/man/man1/;
			dstSubfolderSpec = 0;
			files = (
			);
			runOnlyForDeploymentPostprocessing = 1;
		};
/* End PBXCopyFilesBuildPhase section */

/* Begin PBXFileReference section */
		AF78548A1DF00C8C008AD111 /* checkerWorking */ = {isa = PBXFileReference; explicitFileType = "compiled.mach-o.executable"; includeInIndex = 0; path = checkerWorking; sourceTree = BUILT_PRODUCTS_DIR; };
		AFDAF5861DFB3EF60035EEC6 /* checker.cpp */ = {isa = PBXFileReference; fileEncoding = 4; lastKnownFileType = sourcecode.cpp.cpp; path = checker.cpp; sourceTree = SOURCE_ROOT; };
		AFDAF5871DFB3EF60035EEC6 /* checker.h */ = {isa = PBXFileReference; fileEncoding = 4; lastKnownFileType = sourcecode.c.h; path = checker.h; sourceTree = SOURCE_ROOT; };
		AFDAF5881DFB3EF60035EEC6 /* checkerWorking.xcodeproj.zip */ = {isa = PBXFileReference; lastKnownFileType = archive.zip; path = checkerWorking.xcodeproj.zip; sourceTree = SOURCE_ROOT; };
		AFDAF5891DFB3EF60035EEC6 /* computer_player.cpp */ = {isa = PBXFileReference; fileEncoding = 4; lastKnownFileType = sourcecode.cpp.cpp; path = computer_player.cpp; sourceTree = SOURCE_ROOT; };
		AFDAF58A1DFB3EF60035EEC6 /* computer_player.h */ = {isa = PBXFileReference; fileEncoding = 4; lastKnownFileType = sourcecode.c.h; path = computer_player.h; sourceTree = SOURCE_ROOT; };
		AFDAF58B1DFB3EF60035EEC6 /* coordinate.cpp */ = {isa = PBXFileReference; fileEncoding = 4; lastKnownFileType = sourcecode.cpp.cpp; path = coordinate.cpp; sourceTree = SOURCE_ROOT; };
		AFDAF58C1DFB3EF60035EEC6 /* coordinate.h */ = {isa = PBXFileReference; fileEncoding = 4; lastKnownFileType = sourcecode.c.h; path = coordinate.h; sourceTree = SOURCE_ROOT; };
		AFDAF58D1DFB3EF60035EEC6 /* LICENSE */ = {isa = PBXFileReference; fileEncoding = 4; lastKnownFileType = text; path = LICENSE; sourceTree = SOURCE_ROOT; };
		AFDAF58E1DFB3EF60035EEC6 /* main.cpp */ = {isa = PBXFileReference; fileEncoding = 4; lastKnownFileType = sourcecode.cpp.cpp; path = main.cpp; sourceTree = SOURCE_ROOT; };
		AFDAF58F1DFB3EF60035EEC6 /* piece.cpp */ = {isa = PBXFileReference; fileEncoding = 4; lastKnownFileType = sourcecode.cpp.cpp; path = piece.cpp; sourceTree = SOURCE_ROOT; };
		AFDAF5901DFB3EF60035EEC6 /* piece.h */ = {isa = PBXFileReference; fileEncoding = 4; lastKnownFileType = sourcecode.c.h; path = piece.h; sourceTree = SOURCE_ROOT; };
		AFDAF5911DFB3EF60035EEC6 /* player.cpp */ = {isa = PBXFileReference; fileEncoding = 4; lastKnownFileType = sourcecode.cpp.cpp; path = player.cpp; sourceTree = SOURCE_ROOT; };
		AFDAF5921DFB3EF60035EEC6 /* player.h */ = {isa = PBXFileReference; fileEncoding = 4; lastKnownFileType = sourcecode.c.h; path = player.h; sourceTree = SOURCE_ROOT; };
		AFDAF5931DFB3EF60035EEC6 /* README.md */ = {isa = PBXFileReference; fileEncoding = 4; lastKnownFileType = net.daringfireball.markdown; path = README.md; sourceTree = SOURCE_ROOT; };
		AFDAF5941DFB3EF60035EEC6 /* square.cpp */ = {isa = PBXFileReference; fileEncoding = 4; lastKnownFileType = sourcecode.cpp.cpp; path = square.cpp; sourceTree = SOURCE_ROOT; };
		AFDAF5951DFB3EF60035EEC6 /* square.h */ = {isa = PBXFileReference; fileEncoding = 4; lastKnownFileType = sourcecode.c.h; path = square.h; sourceTree = SOURCE_ROOT; };
/* End PBXFileReference section */

/* Begin PBXFrameworksBuildPhase section */
		AF7854871DF00C8C008AD111 /* Frameworks */ = {
			isa = PBXFrameworksBuildPhase;
			buildActionMask = 2147483647;
			files = (
			);
			runOnlyForDeploymentPostprocessing = 0;
		};
/* End PBXFrameworksBuildPhase section */

/* Begin PBXGroup section */
		AF7854811DF00C8C008AD111 = {
			isa = PBXGroup;
			children = (
				AF78548C1DF00C8C008AD111 /* checkerWorking */,
				AF78548B1DF00C8C008AD111 /* Products */,
			);
			sourceTree = "<group>";
		};
		AF78548B1DF00C8C008AD111 /* Products */ = {
			isa = PBXGroup;
			children = (
				AF78548A1DF00C8C008AD111 /* checkerWorking */,
			);
			name = Products;
			sourceTree = "<group>";
		};
		AF78548C1DF00C8C008AD111 /* checkerWorking */ = {
			isa = PBXGroup;
			children = (
				AFDAF5861DFB3EF60035EEC6 /* checker.cpp */,
				AFDAF5871DFB3EF60035EEC6 /* checker.h */,
				AFDAF5881DFB3EF60035EEC6 /* checkerWorking.xcodeproj.zip */,
				AFDAF5891DFB3EF60035EEC6 /* computer_player.cpp */,
				AFDAF58A1DFB3EF60035EEC6 /* computer_player.h */,
				AFDAF58B1DFB3EF60035EEC6 /* coordinate.cpp */,
				AFDAF58C1DFB3EF60035EEC6 /* coordinate.h */,
				AFDAF58D1DFB3EF60035EEC6 /* LICENSE */,
				AFDAF58E1DFB3EF60035EEC6 /* main.cpp */,
				AFDAF58F1DFB3EF60035EEC6 /* piece.cpp */,
				AFDAF5901DFB3EF60035EEC6 /* piece.h */,
				AFDAF5911DFB3EF60035EEC6 /* player.cpp */,
				AFDAF5921DFB3EF60035EEC6 /* player.h */,
				AFDAF5931DFB3EF60035EEC6 /* README.md */,
				AFDAF5941DFB3EF60035EEC6 /* square.cpp */,
				AFDAF5951DFB3EF60035EEC6 /* square.h */,
			);
			path = checkerWorking;
			sourceTree = "<group>";
		};
/* End PBXGroup section */

/* Begin PBXNativeTarget section */
		AF7854891DF00C8C008AD111 /* checkerWorking */ = {
			isa = PBXNativeTarget;
			buildConfigurationList = AF7854911DF00C8C008AD111 /* Build configuration list for PBXNativeTarget "checkerWorking" */;
			buildPhases = (
				AF7854861DF00C8C008AD111 /* Sources */,
				AF7854871DF00C8C008AD111 /* Frameworks */,
				AF7854881DF00C8C008AD111 /* CopyFiles */,
			);
			buildRules = (
			);
			dependencies = (
			);
			name = checkerWorking;
			productName = checkerWorking;
			productReference = AF78548A1DF00C8C008AD111 /* checkerWorking */;
			productType = "com.apple.product-type.tool";
		};
/* End PBXNativeTarget section */

/* Begin PBXProject section */
		AF7854821DF00C8C008AD111 /* Project object */ = {
			isa = PBXProject;
			attributes = {
				LastUpgradeCheck = 0810;
				ORGANIZATIONNAME = "Marcus Tanner Miller";
				TargetAttributes = {
					AF7854891DF00C8C008AD111 = {
						CreatedOnToolsVersion = 8.1;
						DevelopmentTeam = 55Q3LBGPT6;
						ProvisioningStyle = Automatic;
					};
				};
			};
			buildConfigurationList = AF7854851DF00C8C008AD111 /* Build configuration list for PBXProject "checkerWorking" */;
			compatibilityVersion = "Xcode 3.2";
			developmentRegion = English;
			hasScannedForEncodings = 0;
			knownRegions = (
				en,
			);
			mainGroup = AF7854811DF00C8C008AD111;
			productRefGroup = AF78548B1DF00C8C008AD111 /* Products */;
			projectDirPath = "";
			projectRoot = "";
			targets = (
				AF7854891DF00C8C008AD111 /* checkerWorking */,
			);
		};
/* End PBXProject section */

/* Begin PBXSourcesBuildPhase section */
		AF7854861DF00C8C008AD111 /* Sources */ = {
			isa = PBXSourcesBuildPhase;
			buildActionMask = 2147483647;
			files = (
				AFDAF5971DFB3EF60035EEC6 /* computer_player.cpp in Sources */,
				AFDAF5961DFB3EF60035EEC6 /* checker.cpp in Sources */,
				AFDAF5991DFB3EF60035EEC6 /* main.cpp in Sources */,
				AFDAF59D1DFB3EF60035EEC6 /* square.cpp in Sources */,
				AFDAF59B1DFB3EF60035EEC6 /* player.cpp in Sources */,
				AFDAF59A1DFB3EF60035EEC6 /* piece.cpp in Sources */,
				AFDAF59C1DFB3EF60035EEC6 /* README.md in Sources */,
				AFDAF5981DFB3EF60035EEC6 /* coordinate.cpp in Sources */,
			);
			runOnlyForDeploymentPostprocessing = 0;
		};
/* End PBXSourcesBuildPhase section */

/* Begin XCBuildConfiguration section */
		AF78548F1DF00C8C008AD111 /* Debug */ = {
			isa = XCBuildConfiguration;
			buildSettings = {
				ALWAYS_SEARCH_USER_PATHS = NO;
				CLANG_ANALYZER_NONNULL = YES;
				CLANG_CXX_LANGUAGE_STANDARD = "gnu++0x";
				CLANG_CXX_LIBRARY = "libc++";
				CLANG_ENABLE_MODULES = YES;
				CLANG_ENABLE_OBJC_ARC = YES;
				CLANG_WARN_BOOL_CONVERSION = YES;
				CLANG_WARN_CONSTANT_CONVERSION = YES;
				CLANG_WARN_DIRECT_OBJC_ISA_USAGE = YES_ERROR;
				CLANG_WARN_DOCUMENTATION_COMMENTS = YES;
				CLANG_WARN_EMPTY_BODY = YES;
				CLANG_WARN_ENUM_CONVERSION = YES;
				CLANG_WARN_INFINITE_RECURSION = YES;
				CLANG_WARN_INT_CONVERSION = YES;
				CLANG_WARN_OBJC_ROOT_CLASS = YES_ERROR;
				CLANG_WARN_SUSPICIOUS_MOVES = YES;
				CLANG_WARN_UNREACHABLE_CODE = YES;
				CLANG_WARN__DUPLICATE_METHOD_MATCH = YES;
				CODE_SIGN_IDENTITY = "-";
				COPY_PHASE_STRIP = NO;
				DEBUG_INFORMATION_FORMAT = dwarf;
				ENABLE_STRICT_OBJC_MSGSEND = YES;
				ENABLE_TESTABILITY = YES;
				GCC_C_LANGUAGE_STANDARD = gnu99;
				GCC_DYNAMIC_NO_PIC = NO;
				GCC_NO_COMMON_BLOCKS = YES;
				GCC_OPTIMIZATION_LEVEL = 0;
				GCC_PREPROCESSOR_DEFINITIONS = (
					"DEBUG=1",
					"$(inherited)",
				);
				GCC_WARN_64_TO_32_BIT_CONVERSION = YES;
				GCC_WARN_ABOUT_RETURN_TYPE = YES_ERROR;
				GCC_WARN_UNDECLARED_SELECTOR = YES;
				GCC_WARN_UNINITIALIZED_AUTOS = YES_AGGRESSIVE;
				GCC_WARN_UNUSED_FUNCTION = YES;
				GCC_WARN_UNUSED_VARIABLE = YES;
				MACOSX_DEPLOYMENT_TARGET = 10.11;
				MTL_ENABLE_DEBUG_INFO = YES;
				ONLY_ACTIVE_ARCH = YES;
				SDKROOT = macosx;
			};
			name = Debug;
		};
		AF7854901DF00C8C008AD111 /* Release */ = {
			isa = XCBuildConfiguration;
			buildSettings = {
				ALWAYS_SEARCH_USER_PATHS = NO;
				CLANG_ANALYZER_NONNULL = YES;
				CLANG_CXX_LANGUAGE_STANDARD = "gnu++0x";
				CLANG_CXX_LIBRARY = "libc++";
				CLANG_ENABLE_MODULES = YES;
				CLANG_ENABLE_OBJC_ARC = YES;
				CLANG_WARN_BOOL_CONVERSION = YES;
				CLANG_WARN_CONSTANT_CONVERSION = YES;
				CLANG_WARN_DIRECT_OBJC_ISA_USAGE = YES_ERROR;
				CLANG_WARN_DOCUMENTATION_COMMENTS = YES;
				CLANG_WARN_EMPTY_BODY = YES;
				CLANG_WARN_ENUM_CONVERSION = YES;
				CLANG_WARN_INFINITE_RECURSION = YES;
				CLANG_WARN_INT_CONVERSION = YES;
				CLANG_WARN_OBJC_ROOT_CLASS = YES_ERROR;
				CLANG_WARN_SUSPICIOUS_MOVES = YES;
				CLANG_WARN_UNREACHABLE_CODE = YES;
				CLANG_WARN__DUPLICATE_METHOD_MATCH = YES;
				CODE_SIGN_IDENTITY = "-";
				COPY_PHASE_STRIP = NO;
				DEBUG_INFORMATION_FORMAT = "dwarf-with-dsym";
				ENABLE_NS_ASSERTIONS = NO;
				ENABLE_STRICT_OBJC_MSGSEND = YES;
				GCC_C_LANGUAGE_STANDARD = gnu99;
				GCC_NO_COMMON_BLOCKS = YES;
				GCC_WARN_64_TO_32_BIT_CONVERSION = YES;
				GCC_WARN_ABOUT_RETURN_TYPE = YES_ERROR;
				GCC_WARN_UNDECLARED_SELECTOR = YES;
				GCC_WARN_UNINITIALIZED_AUTOS = YES_AGGRESSIVE;
				GCC_WARN_UNUSED_FUNCTION = YES;
				GCC_WARN_UNUSED_VARIABLE = YES;
				MACOSX_DEPLOYMENT_TARGET = 10.11;
				MTL_ENABLE_DEBUG_INFO = NO;
				SDKROOT = macosx;
			};
			name = Release;
		};
		AF7854921DF00C8C008AD111 /* Debug */ = {
			isa = XCBuildConfiguration;
			buildSettings = {
				DEVELOPMENT_TEAM = 55Q3LBGPT6;
				PRODUCT_NAME = "$(TARGET_NAME)";
			};
			name = Debug;
		};
		AF7854931DF00C8C008AD111 /* Release */ = {
			isa = XCBuildConfiguration;
			buildSettings = {
				DEVELOPMENT_TEAM = 55Q3LBGPT6;
				PRODUCT_NAME = "$(TARGET_NAME)";
			};
			name = Release;
		};
/* End XCBuildConfiguration section */

/* Begin XCConfigurationList section */
		AF7854851DF00C8C008AD111 /* Build configuration list for PBXProject "checkerWorking" */ = {
			isa = XCConfigurationList;
			buildConfigurations = (
				AF78548F1DF00C8C008AD111 /* Debug */,
				AF7854901DF00C8C008AD111 /* Release */,
			);
			defaultConfigurationIsVisible = 0;
			defaultConfigurationName = Release;
		};
		AF7854911DF00C8C008AD111 /* Build configuration list for PBXNativeTarget "checkerWorking" */ = {
			isa = XCConfigurationList;
			buildConfigurations = (
				AF7854921DF00C8C008AD111 /* Debug */,
				AF7854931DF00C8C008AD111 /* Release */,
			);
			defaultConfigurationIsVisible = 0;
			defaultConfigurationName = Release;
		};
/* End XCConfigurationList section */
	};
	rootObject = AF7854821DF00C8C008AD111 /* Project object */;
}
